
Microsoft Visual Studio Solution File, Format Version 12.00
# Visual Studio Version 16
VisualStudioVersion = 25.0.1706.7
MinimumVisualStudioVersion = 10.0.40219.1
Project("{FAE04EC0-301F-11D3-BF4B-00C04F79EFBC}") = "DayOff", "DayOff\DayOff.csproj", "{2A48281B-2EDF-4180-BCB3-442E18EF5F81}"
EndProject
Global
	GlobalSection(SolutionConfigurationPlatforms) = preSolution
		Debug|Any CPU = Debug|Any CPU
		Release|Any CPU = Release|Any CPU
	EndGlobalSection
	GlobalSection(ProjectConfigurationPlatforms) = postSolution
		{2A48281B-2EDF-4180-BCB3-442E18EF5F81}.Debug|Any CPU.ActiveCfg = Debug|Any CPU
		{2A48281B-2EDF-4180-BCB3-442E18EF5F81}.Debug|Any CPU.Build.0 = Debug|Any CPU
		{2A48281B-2EDF-4180-BCB3-442E18EF5F81}.Release|Any CPU.ActiveCfg = Release|Any CPU
		{2A48281B-2EDF-4180-BCB3-442E18EF5F81}.Release|Any CPU.Build.0 = Release|Any CPU
	EndGlobalSection
	GlobalSection(SolutionProperties) = preSolution
		HideSolutionNode = FALSE
	EndGlobalSection
	GlobalSection(ExtensibilityGlobals) = postSolution
		SolutionGuid = {72119E5F-98C4-4C7D-A0B4-63274A9C5BA4}
	EndGlobalSection
EndGlobal
