
Microsoft Visual Studio Solution File, Format Version 12.00
# Visual Studio Version 16
VisualStudioVersion = 25.0.1706.7
MinimumVisualStudioVersion = 10.0.40219.1
Project("{FAE04EC0-301F-11D3-BF4B-00C04F79EFBC}") = "EmployeeApp", "EmployeeApp\EmployeeApp.csproj", "{A6F3AD36-C036-4AA6-BD15-658C1536F662}"
EndProject
Global
	GlobalSection(SolutionConfigurationPlatforms) = preSolution
		Debug|Any CPU = Debug|Any CPU
		Release|Any CPU = Release|Any CPU
	EndGlobalSection
	GlobalSection(ProjectConfigurationPlatforms) = postSolution
		{A6F3AD36-C036-4AA6-BD15-658C1536F662}.Debug|Any CPU.ActiveCfg = Debug|Any CPU
		{A6F3AD36-C036-4AA6-BD15-658C1536F662}.Debug|Any CPU.Build.0 = Debug|Any CPU
		{A6F3AD36-C036-4AA6-BD15-658C1536F662}.Release|Any CPU.ActiveCfg = Release|Any CPU
		{A6F3AD36-C036-4AA6-BD15-658C1536F662}.Release|Any CPU.Build.0 = Release|Any CPU
	EndGlobalSection
	GlobalSection(SolutionProperties) = preSolution
		HideSolutionNode = FALSE
	EndGlobalSection
	GlobalSection(ExtensibilityGlobals) = postSolution
		SolutionGuid = {C8F9DC1A-6ABE-40BB-9EA1-6F477196B911}
	EndGlobalSection
EndGlobal
